
Microsoft Visual Studio Solution File, Format Version 12.00
# Visual Studio 15
VisualStudioVersion = 15.0.26228.9
MinimumVisualStudioVersion = 10.0.40219.1
Project("{FAE04EC0-301F-11D3-BF4B-00C04F79EFBC}") = "Phoneword", "Phoneword\Phoneword\Phoneword.csproj", "{C7926010-0285-4D53-8D09-D781CC7E0EFB}"
EndProject
Project("{FAE04EC0-301F-11D3-BF4B-00C04F79EFBC}") = "Phoneword.Droid", "Phoneword\Phoneword.Droid\Phoneword.Droid.csproj", "{86B2B111-1368-43F0-BAD2-B10A17B22BE6}"
EndProject
Project("{FAE04EC0-301F-11D3-BF4B-00C04F79EFBC}") = "Phoneword.iOS", "Phoneword\Phoneword.iOS\Phoneword.iOS.csproj", "{8268CE8C-F55D-4B86-838F-1A847C56E8C2}"
EndProject
Project("{FAE04EC0-301F-11D3-BF4B-00C04F79EFBC}") = "Phoneword.UWP", "Phoneword\Phoneword.UWP\Phoneword.UWP.csproj", "{57DCB084-BA74-414C-9882-E1A765559BAB}"
EndProject
Global
	GlobalSection(SolutionConfigurationPlatforms) = preSolution
		Ad-Hoc|Any CPU = Ad-Hoc|Any CPU
		Ad-Hoc|ARM = Ad-Hoc|ARM
		Ad-Hoc|iPhone = Ad-Hoc|iPhone
		Ad-Hoc|iPhoneSimulator = Ad-Hoc|iPhoneSimulator
		Ad-Hoc|x64 = Ad-Hoc|x64
		Ad-Hoc|x86 = Ad-Hoc|x86
		AppStore|Any CPU = AppStore|Any CPU
		AppStore|ARM = AppStore|ARM
		AppStore|iPhone = AppStore|iPhone
		AppStore|iPhoneSimulator = AppStore|iPhoneSimulator
		AppStore|x64 = AppStore|x64
		AppStore|x86 = AppStore|x86
		Debug|Any CPU = Debug|Any CPU
		Debug|ARM = Debug|ARM
		Debug|iPhone = Debug|iPhone
		Debug|iPhoneSimulator = Debug|iPhoneSimulator
		Debug|x64 = Debug|x64
		Debug|x86 = Debug|x86
		Release|Any CPU = Release|Any CPU
		Release|ARM = Release|ARM
		Release|iPhone = Release|iPhone
		Release|iPhoneSimulator = Release|iPhoneSimulator
		Release|x64 = Release|x64
		Release|x86 = Release|x86
	EndGlobalSection
	GlobalSection(ProjectConfigurationPlatforms) = postSolution
		{C7926010-0285-4D53-8D09-D781CC7E0EFB}.Ad-Hoc|Any CPU.ActiveCfg = Release|Any CPU
		{C7926010-0285-4D53-8D09-D781CC7E0EFB}.Ad-Hoc|Any CPU.Build.0 = Release|Any CPU
		{C7926010-0285-4D53-8D09-D781CC7E0EFB}.Ad-Hoc|ARM.ActiveCfg = Release|Any CPU
		{C7926010-0285-4D53-8D09-D781CC7E0EFB}.Ad-Hoc|ARM.Build.0 = Release|Any CPU
		{C7926010-0285-4D53-8D09-D781CC7E0EFB}.Ad-Hoc|iPhone.ActiveCfg = Release|Any CPU
		{C7926010-0285-4D53-8D09-D781CC7E0EFB}.Ad-Hoc|iPhone.Build.0 = Release|Any CPU
		{C7926010-0285-4D53-8D09-D781CC7E0EFB}.Ad-Hoc|iPhoneSimulator.ActiveCfg = Release|Any CPU
		{C7926010-0285-4D53-8D09-D781CC7E0EFB}.Ad-Hoc|iPhoneSimulator.Build.0 = Release|Any CPU
		{C7926010-0285-4D53-8D09-D781CC7E0EFB}.Ad-Hoc|x64.ActiveCfg = Release|Any CPU
		{C7926010-0285-4D53-8D09-D781CC7E0EFB}.Ad-Hoc|x64.Build.0 = Release|Any CPU
		{C7926010-0285-4D53-8D09-D781CC7E0EFB}.Ad-Hoc|x86.ActiveCfg = Release|Any CPU
		{C7926010-0285-4D53-8D09-D781CC7E0EFB}.Ad-Hoc|x86.Build.0 = Release|Any CPU
		{C7926010-0285-4D53-8D09-D781CC7E0EFB}.AppStore|Any CPU.ActiveCfg = Release|Any CPU
		{C7926010-0285-4D53-8D09-D781CC7E0EFB}.AppStore|Any CPU.Build.0 = Release|Any CPU
		{C7926010-0285-4D53-8D09-D781CC7E0EFB}.AppStore|ARM.ActiveCfg = Release|Any CPU
		{C7926010-0285-4D53-8D09-D781CC7E0EFB}.AppStore|ARM.Build.0 = Release|Any CPU
		{C7926010-0285-4D53-8D09-D781CC7E0EFB}.AppStore|iPhone.ActiveCfg = Release|Any CPU
		{C7926010-0285-4D53-8D09-D781CC7E0EFB}.AppStore|iPhone.Build.0 = Release|Any CPU
		{C7926010-0285-4D53-8D09-D781CC7E0EFB}.AppStore|iPhoneSimulator.ActiveCfg = Release|Any CPU
		{C7926010-0285-4D53-8D09-D781CC7E0EFB}.AppStore|iPhoneSimulator.Build.0 = Release|Any CPU
		{C7926010-0285-4D53-8D09-D781CC7E0EFB}.AppStore|x64.ActiveCfg = Release|Any CPU
		{C7926010-0285-4D53-8D09-D781CC7E0EFB}.AppStore|x64.Build.0 = Release|Any CPU
		{C7926010-0285-4D53-8D09-D781CC7E0EFB}.AppStore|x86.ActiveCfg = Release|Any CPU
		{C7926010-0285-4D53-8D09-D781CC7E0EFB}.AppStore|x86.Build.0 = Release|Any CPU
		{C7926010-0285-4D53-8D09-D781CC7E0EFB}.Debug|Any CPU.ActiveCfg = Debug|Any CPU
		{C7926010-0285-4D53-8D09-D781CC7E0EFB}.Debug|Any CPU.Build.0 = Debug|Any CPU
		{C7926010-0285-4D53-8D09-D781CC7E0EFB}.Debug|ARM.ActiveCfg = Debug|Any CPU
		{C7926010-0285-4D53-8D09-D781CC7E0EFB}.Debug|ARM.Build.0 = Debug|Any CPU
		{C7926010-0285-4D53-8D09-D781CC7E0EFB}.Debug|iPhone.ActiveCfg = Debug|Any CPU
		{C7926010-0285-4D53-8D09-D781CC7E0EFB}.Debug|iPhone.Build.0 = Debug|Any CPU
		{C7926010-0285-4D53-8D09-D781CC7E0EFB}.Debug|iPhoneSimulator.ActiveCfg = Debug|Any CPU
		{C7926010-0285-4D53-8D09-D781CC7E0EFB}.Debug|iPhoneSimulator.Build.0 = Debug|Any CPU
		{C7926010-0285-4D53-8D09-D781CC7E0EFB}.Debug|x64.ActiveCfg = Debug|Any CPU
		{C7926010-0285-4D53-8D09-D781CC7E0EFB}.Debug|x64.Build.0 = Debug|Any CPU
		{C7926010-0285-4D53-8D09-D781CC7E0EFB}.Debug|x86.ActiveCfg = Debug|Any CPU
		{C7926010-0285-4D53-8D09-D781CC7E0EFB}.Debug|x86.Build.0 = Debug|Any CPU
		{C7926010-0285-4D53-8D09-D781CC7E0EFB}.Release|Any CPU.ActiveCfg = Release|Any CPU
		{C7926010-0285-4D53-8D09-D781CC7E0EFB}.Release|Any CPU.Build.0 = Release|Any CPU
		{C7926010-0285-4D53-8D09-D781CC7E0EFB}.Release|ARM.ActiveCfg = Release|Any CPU
		{C7926010-0285-4D53-8D09-D781CC7E0EFB}.Release|ARM.Build.0 = Release|Any CPU
		{C7926010-0285-4D53-8D09-D781CC7E0EFB}.Release|iPhone.ActiveCfg = Release|Any CPU
		{C7926010-0285-4D53-8D09-D781CC7E0EFB}.Release|iPhone.Build.0 = Release|Any CPU
		{C7926010-0285-4D53-8D09-D781CC7E0EFB}.Release|iPhoneSimulator.ActiveCfg = Release|Any CPU
		{C7926010-0285-4D53-8D09-D781CC7E0EFB}.Release|iPhoneSimulator.Build.0 = Release|Any CPU
		{C7926010-0285-4D53-8D09-D781CC7E0EFB}.Release|x64.ActiveCfg = Release|Any CPU
		{C7926010-0285-4D53-8D09-D781CC7E0EFB}.Release|x64.Build.0 = Release|Any CPU
		{C7926010-0285-4D53-8D09-D781CC7E0EFB}.Release|x86.ActiveCfg = Release|Any CPU
		{C7926010-0285-4D53-8D09-D781CC7E0EFB}.Release|x86.Build.0 = Release|Any CPU
		{86B2B111-1368-43F0-BAD2-B10A17B22BE6}.Ad-Hoc|Any CPU.ActiveCfg = Release|Any CPU
		{86B2B111-1368-43F0-BAD2-B10A17B22BE6}.Ad-Hoc|Any CPU.Build.0 = Release|Any CPU
		{86B2B111-1368-43F0-BAD2-B10A17B22BE6}.Ad-Hoc|Any CPU.Deploy.0 = Release|Any CPU
		{86B2B111-1368-43F0-BAD2-B10A17B22BE6}.Ad-Hoc|ARM.ActiveCfg = Release|Any CPU
		{86B2B111-1368-43F0-BAD2-B10A17B22BE6}.Ad-Hoc|ARM.Build.0 = Release|Any CPU
		{86B2B111-1368-43F0-BAD2-B10A17B22BE6}.Ad-Hoc|ARM.Deploy.0 = Release|Any CPU
		{86B2B111-1368-43F0-BAD2-B10A17B22BE6}.Ad-Hoc|iPhone.ActiveCfg = Release|Any CPU
		{86B2B111-1368-43F0-BAD2-B10A17B22BE6}.Ad-Hoc|iPhone.Build.0 = Release|Any CPU
		{86B2B111-1368-43F0-BAD2-B10A17B22BE6}.Ad-Hoc|iPhone.Deploy.0 = Release|Any CPU
		{86B2B111-1368-43F0-BAD2-B10A17B22BE6}.Ad-Hoc|iPhoneSimulator.ActiveCfg = Release|Any CPU
		{86B2B111-1368-43F0-BAD2-B10A17B22BE6}.Ad-Hoc|iPhoneSimulator.Build.0 = Release|Any CPU
		{86B2B111-1368-43F0-BAD2-B10A17B22BE6}.Ad-Hoc|iPhoneSimulator.Deploy.0 = Release|Any CPU
		{86B2B111-1368-43F0-BAD2-B10A17B22BE6}.Ad-Hoc|x64.ActiveCfg = Release|Any CPU
		{86B2B111-1368-43F0-BAD2-B10A17B22BE6}.Ad-Hoc|x64.Build.0 = Release|Any CPU
		{86B2B111-1368-43F0-BAD2-B10A17B22BE6}.Ad-Hoc|x64.Deploy.0 = Release|Any CPU
		{86B2B111-1368-43F0-BAD2-B10A17B22BE6}.Ad-Hoc|x86.ActiveCfg = Release|Any CPU
		{86B2B111-1368-43F0-BAD2-B10A17B22BE6}.Ad-Hoc|x86.Build.0 = Release|Any CPU
		{86B2B111-1368-43F0-BAD2-B10A17B22BE6}.Ad-Hoc|x86.Deploy.0 = Release|Any CPU
		{86B2B111-1368-43F0-BAD2-B10A17B22BE6}.AppStore|Any CPU.ActiveCfg = Release|Any CPU
		{86B2B111-1368-43F0-BAD2-B10A17B22BE6}.AppStore|Any CPU.Build.0 = Release|Any CPU
		{86B2B111-1368-43F0-BAD2-B10A17B22BE6}.AppStore|Any CPU.Deploy.0 = Release|Any CPU
		{86B2B111-1368-43F0-BAD2-B10A17B22BE6}.AppStore|ARM.ActiveCfg = Release|Any CPU
		{86B2B111-1368-43F0-BAD2-B10A17B22BE6}.AppStore|ARM.Build.0 = Release|Any CPU
		{86B2B111-1368-43F0-BAD2-B10A17B22BE6}.AppStore|ARM.Deploy.0 = Release|Any CPU
		{86B2B111-1368-43F0-BAD2-B10A17B22BE6}.AppStore|iPhone.ActiveCfg = Release|Any CPU
		{86B2B111-1368-43F0-BAD2-B10A17B22BE6}.AppStore|iPhone.Build.0 = Release|Any CPU
		{86B2B111-1368-43F0-BAD2-B10A17B22BE6}.AppStore|iPhone.Deploy.0 = Release|Any CPU
		{86B2B111-1368-43F0-BAD2-B10A17B22BE6}.AppStore|iPhoneSimulator.ActiveCfg = Release|Any CPU
		{86B2B111-1368-43F0-BAD2-B10A17B22BE6}.AppStore|iPhoneSimulator.Build.0 = Release|Any CPU
		{86B2B111-1368-43F0-BAD2-B10A17B22BE6}.AppStore|iPhoneSimulator.Deploy.0 = Release|Any CPU
		{86B2B111-1368-43F0-BAD2-B10A17B22BE6}.AppStore|x64.ActiveCfg = Release|Any CPU
		{86B2B111-1368-43F0-BAD2-B10A17B22BE6}.AppStore|x64.Build.0 = Release|Any CPU
		{86B2B111-1368-43F0-BAD2-B10A17B22BE6}.AppStore|x64.Deploy.0 = Release|Any CPU
		{86B2B111-1368-43F0-BAD2-B10A17B22BE6}.AppStore|x86.ActiveCfg = Release|Any CPU
		{86B2B111-1368-43F0-BAD2-B10A17B22BE6}.AppStore|x86.Build.0 = Release|Any CPU
		{86B2B111-1368-43F0-BAD2-B10A17B22BE6}.AppStore|x86.Deploy.0 = Release|Any CPU
		{86B2B111-1368-43F0-BAD2-B10A17B22BE6}.Debug|Any CPU.ActiveCfg = Debug|Any CPU
		{86B2B111-1368-43F0-BAD2-B10A17B22BE6}.Debug|Any CPU.Build.0 = Debug|Any CPU
		{86B2B111-1368-43F0-BAD2-B10A17B22BE6}.Debug|Any CPU.Deploy.0 = Debug|Any CPU
		{86B2B111-1368-43F0-BAD2-B10A17B22BE6}.Debug|ARM.ActiveCfg = Debug|Any CPU
		{86B2B111-1368-43F0-BAD2-B10A17B22BE6}.Debug|ARM.Build.0 = Debug|Any CPU
		{86B2B111-1368-43F0-BAD2-B10A17B22BE6}.Debug|ARM.Deploy.0 = Debug|Any CPU
		{86B2B111-1368-43F0-BAD2-B10A17B22BE6}.Debug|iPhone.ActiveCfg = Debug|Any CPU
		{86B2B111-1368-43F0-BAD2-B10A17B22BE6}.Debug|iPhone.Build.0 = Debug|Any CPU
		{86B2B111-1368-43F0-BAD2-B10A17B22BE6}.Debug|iPhone.Deploy.0 = Debug|Any CPU
		{86B2B111-1368-43F0-BAD2-B10A17B22BE6}.Debug|iPhoneSimulator.ActiveCfg = Debug|Any CPU
		{86B2B111-1368-43F0-BAD2-B10A17B22BE6}.Debug|iPhoneSimulator.Build.0 = Debug|Any CPU
		{86B2B111-1368-43F0-BAD2-B10A17B22BE6}.Debug|iPhoneSimulator.Deploy.0 = Debug|Any CPU
		{86B2B111-1368-43F0-BAD2-B10A17B22BE6}.Debug|x64.ActiveCfg = Debug|Any CPU
		{86B2B111-1368-43F0-BAD2-B10A17B22BE6}.Debug|x64.Build.0 = Debug|Any CPU
		{86B2B111-1368-43F0-BAD2-B10A17B22BE6}.Debug|x64.Deploy.0 = Debug|Any CPU
		{86B2B111-1368-43F0-BAD2-B10A17B22BE6}.Debug|x86.ActiveCfg = Debug|Any CPU
		{86B2B111-1368-43F0-BAD2-B10A17B22BE6}.Debug|x86.Build.0 = Debug|Any CPU
		{86B2B111-1368-43F0-BAD2-B10A17B22BE6}.Debug|x86.Deploy.0 = Debug|Any CPU
		{86B2B111-1368-43F0-BAD2-B10A17B22BE6}.Release|Any CPU.ActiveCfg = Release|Any CPU
		{86B2B111-1368-43F0-BAD2-B10A17B22BE6}.Release|Any CPU.Build.0 = Release|Any CPU
		{86B2B111-1368-43F0-BAD2-B10A17B22BE6}.Release|Any CPU.Deploy.0 = Release|Any CPU
		{86B2B111-1368-43F0-BAD2-B10A17B22BE6}.Release|ARM.ActiveCfg = Release|Any CPU
		{86B2B111-1368-43F0-BAD2-B10A17B22BE6}.Release|ARM.Build.0 = Release|Any CPU
		{86B2B111-1368-43F0-BAD2-B10A17B22BE6}.Release|ARM.Deploy.0 = Release|Any CPU
		{86B2B111-1368-43F0-BAD2-B10A17B22BE6}.Release|iPhone.ActiveCfg = Release|Any CPU
		{86B2B111-1368-43F0-BAD2-B10A17B22BE6}.Release|iPhone.Build.0 = Release|Any CPU
		{86B2B111-1368-43F0-BAD2-B10A17B22BE6}.Release|iPhone.Deploy.0 = Release|Any CPU
		{86B2B111-1368-43F0-BAD2-B10A17B22BE6}.Release|iPhoneSimulator.ActiveCfg = Release|Any CPU
		{86B2B111-1368-43F0-BAD2-B10A17B22BE6}.Release|iPhoneSimulator.Build.0 = Release|Any CPU
		{86B2B111-1368-43F0-BAD2-B10A17B22BE6}.Release|iPhoneSimulator.Deploy.0 = Release|Any CPU
		{86B2B111-1368-43F0-BAD2-B10A17B22BE6}.Release|x64.ActiveCfg = Release|Any CPU
		{86B2B111-1368-43F0-BAD2-B10A17B22BE6}.Release|x64.Build.0 = Release|Any CPU
		{86B2B111-1368-43F0-BAD2-B10A17B22BE6}.Release|x64.Deploy.0 = Release|Any CPU
		{86B2B111-1368-43F0-BAD2-B10A17B22BE6}.Release|x86.ActiveCfg = Release|Any CPU
		{86B2B111-1368-43F0-BAD2-B10A17B22BE6}.Release|x86.Build.0 = Release|Any CPU
		{86B2B111-1368-43F0-BAD2-B10A17B22BE6}.Release|x86.Deploy.0 = Release|Any CPU
		{8268CE8C-F55D-4B86-838F-1A847C56E8C2}.Ad-Hoc|Any CPU.ActiveCfg = Ad-Hoc|iPhone
		{8268CE8C-F55D-4B86-838F-1A847C56E8C2}.Ad-Hoc|ARM.ActiveCfg = Ad-Hoc|iPhone
		{8268CE8C-F55D-4B86-838F-1A847C56E8C2}.Ad-Hoc|iPhone.ActiveCfg = Ad-Hoc|iPhone
		{8268CE8C-F55D-4B86-838F-1A847C56E8C2}.Ad-Hoc|iPhone.Build.0 = Ad-Hoc|iPhone
		{8268CE8C-F55D-4B86-838F-1A847C56E8C2}.Ad-Hoc|iPhoneSimulator.ActiveCfg = Ad-Hoc|iPhoneSimulator
		{8268CE8C-F55D-4B86-838F-1A847C56E8C2}.Ad-Hoc|iPhoneSimulator.Build.0 = Ad-Hoc|iPhoneSimulator
		{8268CE8C-F55D-4B86-838F-1A847C56E8C2}.Ad-Hoc|x64.ActiveCfg = Ad-Hoc|iPhone
		{8268CE8C-F55D-4B86-838F-1A847C56E8C2}.Ad-Hoc|x86.ActiveCfg = Ad-Hoc|iPhone
		{8268CE8C-F55D-4B86-838F-1A847C56E8C2}.AppStore|Any CPU.ActiveCfg = AppStore|iPhone
		{8268CE8C-F55D-4B86-838F-1A847C56E8C2}.AppStore|ARM.ActiveCfg = AppStore|iPhone
		{8268CE8C-F55D-4B86-838F-1A847C56E8C2}.AppStore|iPhone.ActiveCfg = AppStore|iPhone
		{8268CE8C-F55D-4B86-838F-1A847C56E8C2}.AppStore|iPhone.Build.0 = AppStore|iPhone
		{8268CE8C-F55D-4B86-838F-1A847C56E8C2}.AppStore|iPhoneSimulator.ActiveCfg = AppStore|iPhoneSimulator
		{8268CE8C-F55D-4B86-838F-1A847C56E8C2}.AppStore|iPhoneSimulator.Build.0 = AppStore|iPhoneSimulator
		{8268CE8C-F55D-4B86-838F-1A847C56E8C2}.AppStore|x64.ActiveCfg = AppStore|iPhone
		{8268CE8C-F55D-4B86-838F-1A847C56E8C2}.AppStore|x86.ActiveCfg = AppStore|iPhone
		{8268CE8C-F55D-4B86-838F-1A847C56E8C2}.Debug|Any CPU.ActiveCfg = Debug|iPhoneSimulator
		{8268CE8C-F55D-4B86-838F-1A847C56E8C2}.Debug|Any CPU.Build.0 = Debug|iPhoneSimulator
		{8268CE8C-F55D-4B86-838F-1A847C56E8C2}.Debug|Any CPU.Deploy.0 = Debug|iPhoneSimulator
		{8268CE8C-F55D-4B86-838F-1A847C56E8C2}.Debug|ARM.ActiveCfg = Debug|iPhone
		{8268CE8C-F55D-4B86-838F-1A847C56E8C2}.Debug|iPhone.ActiveCfg = Debug|iPhone
		{8268CE8C-F55D-4B86-838F-1A847C56E8C2}.Debug|iPhone.Build.0 = Debug|iPhone
		{8268CE8C-F55D-4B86-838F-1A847C56E8C2}.Debug|iPhoneSimulator.ActiveCfg = Debug|iPhoneSimulator
		{8268CE8C-F55D-4B86-838F-1A847C56E8C2}.Debug|iPhoneSimulator.Build.0 = Debug|iPhoneSimulator
		{8268CE8C-F55D-4B86-838F-1A847C56E8C2}.Debug|x64.ActiveCfg = Debug|iPhone
		{8268CE8C-F55D-4B86-838F-1A847C56E8C2}.Debug|x86.ActiveCfg = Debug|iPhone
		{8268CE8C-F55D-4B86-838F-1A847C56E8C2}.Release|Any CPU.ActiveCfg = Release|iPhone
		{8268CE8C-F55D-4B86-838F-1A847C56E8C2}.Release|ARM.ActiveCfg = Release|iPhone
		{8268CE8C-F55D-4B86-838F-1A847C56E8C2}.Release|iPhone.ActiveCfg = Release|iPhone
		{8268CE8C-F55D-4B86-838F-1A847C56E8C2}.Release|iPhone.Build.0 = Release|iPhone
		{8268CE8C-F55D-4B86-838F-1A847C56E8C2}.Release|iPhoneSimulator.ActiveCfg = Release|iPhoneSimulator
		{8268CE8C-F55D-4B86-838F-1A847C56E8C2}.Release|iPhoneSimulator.Build.0 = Release|iPhoneSimulator
		{8268CE8C-F55D-4B86-838F-1A847C56E8C2}.Release|x64.ActiveCfg = Release|iPhone
		{8268CE8C-F55D-4B86-838F-1A847C56E8C2}.Release|x86.ActiveCfg = Release|iPhone
		{57DCB084-BA74-414C-9882-E1A765559BAB}.Ad-Hoc|Any CPU.ActiveCfg = Release|x86
		{57DCB084-BA74-414C-9882-E1A765559BAB}.Ad-Hoc|Any CPU.Build.0 = Release|x86
		{57DCB084-BA74-414C-9882-E1A765559BAB}.Ad-Hoc|Any CPU.Deploy.0 = Release|x86
		{57DCB084-BA74-414C-9882-E1A765559BAB}.Ad-Hoc|ARM.ActiveCfg = Release|ARM
		{57DCB084-BA74-414C-9882-E1A765559BAB}.Ad-Hoc|ARM.Build.0 = Release|ARM
		{57DCB084-BA74-414C-9882-E1A765559BAB}.Ad-Hoc|ARM.Deploy.0 = Release|ARM
		{57DCB084-BA74-414C-9882-E1A765559BAB}.Ad-Hoc|iPhone.ActiveCfg = Release|x86
		{57DCB084-BA74-414C-9882-E1A765559BAB}.Ad-Hoc|iPhone.Build.0 = Release|x86
		{57DCB084-BA74-414C-9882-E1A765559BAB}.Ad-Hoc|iPhone.Deploy.0 = Release|x86
		{57DCB084-BA74-414C-9882-E1A765559BAB}.Ad-Hoc|iPhoneSimulator.ActiveCfg = Release|x86
		{57DCB084-BA74-414C-9882-E1A765559BAB}.Ad-Hoc|iPhoneSimulator.Build.0 = Release|x86
		{57DCB084-BA74-414C-9882-E1A765559BAB}.Ad-Hoc|iPhoneSimulator.Deploy.0 = Release|x86
		{57DCB084-BA74-414C-9882-E1A765559BAB}.Ad-Hoc|x64.ActiveCfg = Release|x64
		{57DCB084-BA74-414C-9882-E1A765559BAB}.Ad-Hoc|x64.Build.0 = Release|x64
		{57DCB084-BA74-414C-9882-E1A765559BAB}.Ad-Hoc|x64.Deploy.0 = Release|x64
		{57DCB084-BA74-414C-9882-E1A765559BAB}.Ad-Hoc|x86.ActiveCfg = Release|x86
		{57DCB084-BA74-414C-9882-E1A765559BAB}.Ad-Hoc|x86.Build.0 = Release|x86
		{57DCB084-BA74-414C-9882-E1A765559BAB}.Ad-Hoc|x86.Deploy.0 = Release|x86
		{57DCB084-BA74-414C-9882-E1A765559BAB}.AppStore|Any CPU.ActiveCfg = Release|x86
		{57DCB084-BA74-414C-9882-E1A765559BAB}.AppStore|Any CPU.Build.0 = Release|x86
		{57DCB084-BA74-414C-9882-E1A765559BAB}.AppStore|Any CPU.Deploy.0 = Release|x86
		{57DCB084-BA74-414C-9882-E1A765559BAB}.AppStore|ARM.ActiveCfg = Release|ARM
		{57DCB084-BA74-414C-9882-E1A765559BAB}.AppStore|ARM.Build.0 = Release|ARM
		{57DCB084-BA74-414C-9882-E1A765559BAB}.AppStore|ARM.Deploy.0 = Release|ARM
		{57DCB084-BA74-414C-9882-E1A765559BAB}.AppStore|iPhone.ActiveCfg = Release|x86
		{57DCB084-BA74-414C-9882-E1A765559BAB}.AppStore|iPhone.Build.0 = Release|x86
		{57DCB084-BA74-414C-9882-E1A765559BAB}.AppStore|iPhone.Deploy.0 = Release|x86
		{57DCB084-BA74-414C-9882-E1A765559BAB}.AppStore|iPhoneSimulator.ActiveCfg = Release|x86
		{57DCB084-BA74-414C-9882-E1A765559BAB}.AppStore|iPhoneSimulator.Build.0 = Release|x86
		{57DCB084-BA74-414C-9882-E1A765559BAB}.AppStore|iPhoneSimulator.Deploy.0 = Release|x86
		{57DCB084-BA74-414C-9882-E1A765559BAB}.AppStore|x64.ActiveCfg = Release|x64
		{57DCB084-BA74-414C-9882-E1A765559BAB}.AppStore|x64.Build.0 = Release|x64
		{57DCB084-BA74-414C-9882-E1A765559BAB}.AppStore|x64.Deploy.0 = Release|x64
		{57DCB084-BA74-414C-9882-E1A765559BAB}.AppStore|x86.ActiveCfg = Release|x86
		{57DCB084-BA74-414C-9882-E1A765559BAB}.AppStore|x86.Build.0 = Release|x86
		{57DCB084-BA74-414C-9882-E1A765559BAB}.AppStore|x86.Deploy.0 = Release|x86
		{57DCB084-BA74-414C-9882-E1A765559BAB}.Debug|Any CPU.ActiveCfg = Debug|x86
		{57DCB084-BA74-414C-9882-E1A765559BAB}.Debug|Any CPU.Build.0 = Debug|x86
		{57DCB084-BA74-414C-9882-E1A765559BAB}.Debug|Any CPU.Deploy.0 = Debug|x86
		{57DCB084-BA74-414C-9882-E1A765559BAB}.Debug|ARM.ActiveCfg = Debug|ARM
		{57DCB084-BA74-414C-9882-E1A765559BAB}.Debug|ARM.Build.0 = Debug|ARM
		{57DCB084-BA74-414C-9882-E1A765559BAB}.Debug|ARM.Deploy.0 = Debug|ARM
		{57DCB084-BA74-414C-9882-E1A765559BAB}.Debug|iPhone.ActiveCfg = Debug|x86
		{57DCB084-BA74-414C-9882-E1A765559BAB}.Debug|iPhoneSimulator.ActiveCfg = Debug|x86
		{57DCB084-BA74-414C-9882-E1A765559BAB}.Debug|x64.ActiveCfg = Debug|x64
		{57DCB084-BA74-414C-9882-E1A765559BAB}.Debug|x64.Build.0 = Debug|x64
		{57DCB084-BA74-414C-9882-E1A765559BAB}.Debug|x64.Deploy.0 = Debug|x64
		{57DCB084-BA74-414C-9882-E1A765559BAB}.Debug|x86.ActiveCfg = Debug|x86
		{57DCB084-BA74-414C-9882-E1A765559BAB}.Debug|x86.Build.0 = Debug|x86
		{57DCB084-BA74-414C-9882-E1A765559BAB}.Debug|x86.Deploy.0 = Debug|x86
		{57DCB084-BA74-414C-9882-E1A765559BAB}.Release|Any CPU.ActiveCfg = Release|x86
		{57DCB084-BA74-414C-9882-E1A765559BAB}.Release|ARM.ActiveCfg = Release|ARM
		{57DCB084-BA74-414C-9882-E1A765559BAB}.Release|ARM.Build.0 = Release|ARM
		{57DCB084-BA74-414C-9882-E1A765559BAB}.Release|ARM.Deploy.0 = Release|ARM
		{57DCB084-BA74-414C-9882-E1A765559BAB}.Release|iPhone.ActiveCfg = Release|x86
		{57DCB084-BA74-414C-9882-E1A765559BAB}.Release|iPhoneSimulator.ActiveCfg = Release|x86
		{57DCB084-BA74-414C-9882-E1A765559BAB}.Release|x64.ActiveCfg = Release|x64
		{57DCB084-BA74-414C-9882-E1A765559BAB}.Release|x64.Build.0 = Release|x64
		{57DCB084-BA74-414C-9882-E1A765559BAB}.Release|x64.Deploy.0 = Release|x64
		{57DCB084-BA74-414C-9882-E1A765559BAB}.Release|x86.ActiveCfg = Release|x86
		{57DCB084-BA74-414C-9882-E1A765559BAB}.Release|x86.Build.0 = Release|x86
		{57DCB084-BA74-414C-9882-E1A765559BAB}.Release|x86.Deploy.0 = Release|x86
	EndGlobalSection
	GlobalSection(SolutionProperties) = preSolution
		HideSolutionNode = FALSE
	EndGlobalSection
EndGlobal
